// !$*UTF8*$!
{
	archiveVersion = 1;
	classes = {
	};
	objectVersion = 77;
	objects = {

/* Begin PBXBuildFile section */
		802EFBC02E23D29600A7B595 /* VoticeSDK in Frameworks */ = {isa = PBXBuildFile; productRef = 802EFBBF2E23D29600A7B595 /* VoticeSDK */; };
		802EFBC72E23D35A00A7B595 /* VoticeSDK in Frameworks */ = {isa = PBXBuildFile; productRef = 802EFBC62E23D35A00A7B595 /* VoticeSDK */; };
		802EFBCA2E23D3C200A7B595 /* VoticeSDK in Frameworks */ = {isa = PBXBuildFile; productRef = 802EFBC92E23D3C200A7B595 /* VoticeSDK */; };
		802EFBCC2E23D3CE00A7B595 /* VoticeSDK in Frameworks */ = {isa = PBXBuildFile; productRef = 802EFBCB2E23D3CE00A7B595 /* VoticeSDK */; };
		802EFBCE2E23D3D300A7B595 /* VoticeSDK in Frameworks */ = {isa = PBXBuildFile; productRef = 802EFBCD2E23D3D300A7B595 /* VoticeSDK */; };
/* End PBXBuildFile section */

/* Begin PBXFileReference section */
		800727282E11A9FC00C43BA8 /* VoticeDemo.app */ = {isa = PBXFileReference; explicitFileType = wrapper.application; includeInIndex = 0; path = VoticeDemo.app; sourceTree = BUILT_PRODUCTS_DIR; };
		800727672E11ACD400C43BA8 /* VoticeDemo.app */ = {isa = PBXFileReference; explicitFileType = wrapper.application; includeInIndex = 0; path = VoticeDemo.app; sourceTree = BUILT_PRODUCTS_DIR; };
		802F7E602E0F198400F1BDF6 /* VoticeDemo.app */ = {isa = PBXFileReference; explicitFileType = wrapper.application; includeInIndex = 0; path = VoticeDemo.app; sourceTree = BUILT_PRODUCTS_DIR; };
/* End PBXFileReference section */

/* Begin PBXFileSystemSynchronizedBuildFileExceptionSet section */
		80A141FB2F981EDC00E7D9E8 /* Exceptions for "VoticeDemo_macOS" folder in "VoticeDemo_macOS" target */ = {
			isa = PBXFileSystemSynchronizedBuildFileExceptionSet;
			membershipExceptions = (
				Assets.xcassets,
			);
			target = 800727272E11A9FC00C43BA8 /* VoticeDemo_macOS */;
		};
		80A1430F2F981EF400E7D9E8 /* Exceptions for "VoticeDemo" folder in "VoticeDemo" target */ = {
			isa = PBXFileSystemSynchronizedBuildFileExceptionSet;
			membershipExceptions = (
				Resources/Info.plist,
			);
			target = 802F7E5F2E0F198400F1BDF6 /* VoticeDemo */;
		};
		80A143102F981EF400E7D9E8 /* Exceptions for "VoticeDemo" folder in "VoticeDemo_macOS" target */ = {
			isa = PBXFileSystemSynchronizedBuildFileExceptionSet;
			membershipExceptions = (
				Resources/Assets.xcassets,
				Resources/Info.plist,
			);
			target = 800727272E11A9FC00C43BA8 /* VoticeDemo_macOS */;
		};
		80A143112F981EF400E7D9E8 /* Exceptions for "VoticeDemo" folder in "VoticeDemo_tvOS" target */ = {
			isa = PBXFileSystemSynchronizedBuildFileExceptionSet;
			membershipExceptions = (
				Resources/Assets.xcassets,
				Resources/Info.plist,
				Shared/Resources/AppIcon.icon,
			);
			target = 800727662E11ACD400C43BA8 /* VoticeDemo_tvOS */;
		};
/* End PBXFileSystemSynchronizedBuildFileExceptionSet section */

/* Begin PBXFileSystemSynchronizedRootGroup section */
		80A141F52F981ED500E7D9E8 /* VoticeDemo_tvOS */ = {
			isa = PBXFileSystemSynchronizedRootGroup;
			path = VoticeDemo_tvOS;
			sourceTree = "<group>";
		};
		80A141F92F981EDB00E7D9E8 /* VoticeDemo_macOS */ = {
			isa = PBXFileSystemSynchronizedRootGroup;
			exceptions = (
				80A141FB2F981EDC00E7D9E8 /* Exceptions for "VoticeDemo_macOS" folder in "VoticeDemo_macOS" target */,
			);
			path = VoticeDemo_macOS;
			sourceTree = "<group>";
		};
		80A142CF2F981EF300E7D9E8 /* VoticeDemo */ = {
			isa = PBXFileSystemSynchronizedRootGroup;
			exceptions = (
				80A1430F2F981EF400E7D9E8 /* Exceptions for "VoticeDemo" folder in "VoticeDemo" target */,
				80A143102F981EF400E7D9E8 /* Exceptions for "VoticeDemo" folder in "VoticeDemo_macOS" target */,
				80A143112F981EF400E7D9E8 /* Exceptions for "VoticeDemo" folder in "VoticeDemo_tvOS" target */,
			);
			path = VoticeDemo;
			sourceTree = "<group>";
		};
/* End PBXFileSystemSynchronizedRootGroup section */

/* Begin PBXFrameworksBuildPhase section */
		800727252E11A9FC00C43BA8 /* Frameworks */ = {
			isa = PBXFrameworksBuildPhase;
			buildActionMask = 2147483647;
			files = (
				802EFBCC2E23D3CE00A7B595 /* VoticeSDK in Frameworks */,
			);
			runOnlyForDeploymentPostprocessing = 0;
		};
		800727642E11ACD400C43BA8 /* Frameworks */ = {
			isa = PBXFrameworksBuildPhase;
			buildActionMask = 2147483647;
			files = (
				802EFBCE2E23D3D300A7B595 /* VoticeSDK in Frameworks */,
			);
			runOnlyForDeploymentPostprocessing = 0;
		};
		802F7E5D2E0F198400F1BDF6 /* Frameworks */ = {
			isa = PBXFrameworksBuildPhase;
			buildActionMask = 2147483647;
			files = (
				802EFBC02E23D29600A7B595 /* VoticeSDK in Frameworks */,
				802EFBC72E23D35A00A7B595 /* VoticeSDK in Frameworks */,
				802EFBCA2E23D3C200A7B595 /* VoticeSDK in Frameworks */,
			);
			runOnlyForDeploymentPostprocessing = 0;
		};
/* End PBXFrameworksBuildPhase section */

/* Begin PBXGroup section */
		802F7E572E0F198400F1BDF6 = {
			isa = PBXGroup;
			children = (
				802F7E612E0F198400F1BDF6 /* Products */,
				80A142CF2F981EF300E7D9E8 /* VoticeDemo */,
				80A141F92F981EDB00E7D9E8 /* VoticeDemo_macOS */,
				80A141F52F981ED500E7D9E8 /* VoticeDemo_tvOS */,
			);
			sourceTree = "<group>";
		};
		802F7E612E0F198400F1BDF6 /* Products */ = {
			isa = PBXGroup;
			children = (
				802F7E602E0F198400F1BDF6 /* VoticeDemo.app */,
				800727282E11A9FC00C43BA8 /* VoticeDemo.app */,
				800727672E11ACD400C43BA8 /* VoticeDemo.app */,
			);
			name = Products;
			sourceTree = "<group>";
		};
/* End PBXGroup section */

/* Begin PBXNativeTarget section */
		800727272E11A9FC00C43BA8 /* VoticeDemo_macOS */ = {
			isa = PBXNativeTarget;
			buildConfigurationList = 8007274D2E11A9FE00C43BA8 /* Build configuration list for PBXNativeTarget "VoticeDemo_macOS" */;
			buildPhases = (
				800727242E11A9FC00C43BA8 /* Sources */,
				800727252E11A9FC00C43BA8 /* Frameworks */,
				800727262E11A9FC00C43BA8 /* Resources */,
				808722072E89696E000AA252 /* SwiftLint Script */,
			);
			buildRules = (
			);
			dependencies = (
			);
			fileSystemSynchronizedGroups = (
				80A142CF2F981EF300E7D9E8 /* VoticeDemo */,
			);
			name = VoticeDemo_macOS;
			packageProductDependencies = (
				802EFBCB2E23D3CE00A7B595 /* VoticeSDK */,
			);
			productName = VoticeDemo_macOS;
			productReference = 800727282E11A9FC00C43BA8 /* VoticeDemo.app */;
			productType = "com.apple.product-type.application";
		};
		800727662E11ACD400C43BA8 /* VoticeDemo_tvOS */ = {
			isa = PBXNativeTarget;
			buildConfigurationList = 800727852E11ACD600C43BA8 /* Build configuration list for PBXNativeTarget "VoticeDemo_tvOS" */;
			buildPhases = (
				800727632E11ACD400C43BA8 /* Sources */,
				800727642E11ACD400C43BA8 /* Frameworks */,
				800727652E11ACD400C43BA8 /* Resources */,
				808722082E89697D000AA252 /* SwiftLint Script */,
			);
			buildRules = (
			);
			dependencies = (
			);
			fileSystemSynchronizedGroups = (
				80A141F52F981ED500E7D9E8 /* VoticeDemo_tvOS */,
				80A142CF2F981EF300E7D9E8 /* VoticeDemo */,
			);
			name = VoticeDemo_tvOS;
			packageProductDependencies = (
				802EFBCD2E23D3D300A7B595 /* VoticeSDK */,
			);
			productName = VoticeDemo_tvOS;
			productReference = 800727672E11ACD400C43BA8 /* VoticeDemo.app */;
			productType = "com.apple.product-type.application";
		};
		802F7E5F2E0F198400F1BDF6 /* VoticeDemo */ = {
			isa = PBXNativeTarget;
			buildConfigurationList = 802F7E812E0F198500F1BDF6 /* Build configuration list for PBXNativeTarget "VoticeDemo" */;
			buildPhases = (
				802F7E5C2E0F198400F1BDF6 /* Sources */,
				802F7E5D2E0F198400F1BDF6 /* Frameworks */,
				802F7E5E2E0F198400F1BDF6 /* Resources */,
				804E55282E0FCB56004EED37 /* SwiftLint Script */,
			);
			buildRules = (
			);
			dependencies = (
			);
			fileSystemSynchronizedGroups = (
				80A142CF2F981EF300E7D9E8 /* VoticeDemo */,
			);
			name = VoticeDemo;
			packageProductDependencies = (
				802EFBBF2E23D29600A7B595 /* VoticeSDK */,
				802EFBC62E23D35A00A7B595 /* VoticeSDK */,
				802EFBC92E23D3C200A7B595 /* VoticeSDK */,
			);
			productName = VoticeDemo;
			productReference = 802F7E602E0F198400F1BDF6 /* VoticeDemo.app */;
			productType = "com.apple.product-type.application";
		};
/* End PBXNativeTarget section */

/* Begin PBXProject section */
		802F7E582E0F198400F1BDF6 /* Project object */ = {
			isa = PBXProject;
			attributes = {
				BuildIndependentTargetsInParallel = 1;
				LastSwiftUpdateCheck = 1640;
				LastUpgradeCheck = 1640;
				ORGANIZATIONNAME = ArtCC;
				TargetAttributes = {
					800727272E11A9FC00C43BA8 = {
						CreatedOnToolsVersion = 16.4;
					};
					800727662E11ACD400C43BA8 = {
						CreatedOnToolsVersion = 16.4;
					};
					802F7E5F2E0F198400F1BDF6 = {
						CreatedOnToolsVersion = 16.4;
					};
				};
			};
			buildConfigurationList = 802F7E5B2E0F198400F1BDF6 /* Build configuration list for PBXProject "VoticeDemo" */;
			developmentRegion = en;
			hasScannedForEncodings = 0;
			knownRegions = (
				en,
				Base,
			);
			mainGroup = 802F7E572E0F198400F1BDF6;
			minimizedProjectReferenceProxies = 1;
			packageReferences = (
				804E55272E0FCB2D004EED37 /* XCRemoteSwiftPackageReference "SwiftLintPlugins" */,
				802EFBC82E23D3C200A7B595 /* XCLocalSwiftPackageReference "../../../votice-sdk" */,
			);
			preferredProjectObjectVersion = 77;
			productRefGroup = 802F7E612E0F198400F1BDF6 /* Products */;
			projectDirPath = "";
			projectRoot = "";
			targets = (
				802F7E5F2E0F198400F1BDF6 /* VoticeDemo */,
				800727272E11A9FC00C43BA8 /* VoticeDemo_macOS */,
				800727662E11ACD400C43BA8 /* VoticeDemo_tvOS */,
			);
		};
/* End PBXProject section */

/* Begin PBXResourcesBuildPhase section */
		800727262E11A9FC00C43BA8 /* Resources */ = {
			isa = PBXResourcesBuildPhase;
			buildActionMask = 2147483647;
			files = (
			);
			runOnlyForDeploymentPostprocessing = 0;
		};
		800727652E11ACD400C43BA8 /* Resources */ = {
			isa = PBXResourcesBuildPhase;
			buildActionMask = 2147483647;
			files = (
			);
			runOnlyForDeploymentPostprocessing = 0;
		};
		802F7E5E2E0F198400F1BDF6 /* Resources */ = {
			isa = PBXResourcesBuildPhase;
			buildActionMask = 2147483647;
			files = (
			);
			runOnlyForDeploymentPostprocessing = 0;
		};
/* End PBXResourcesBuildPhase section */

/* Begin PBXShellScriptBuildPhase section */
		804E55282E0FCB56004EED37 /* SwiftLint Script */ = {
			isa = PBXShellScriptBuildPhase;
			alwaysOutOfDate = 1;
			buildActionMask = 2147483647;
			files = (
			);
			inputFileListPaths = (
			);
			inputPaths = (
			);
			name = "SwiftLint Script";
			outputFileListPaths = (
			);
			outputPaths = (
			);
			runOnlyForDeploymentPostprocessing = 0;
			shellPath = /bin/sh;
			shellScript = "SWIFT_PACKAGE_DIR=\"${BUILD_DIR%Build/*}SourcePackages/artifacts\"\nSWIFTLINT_CMD=\"$SWIFT_PACKAGE_DIR/swiftlintplugins/SwiftLintBinary/SwiftLintBinary.artifactbundle/macos/swiftlint\"\n\nif test -f \"$SWIFTLINT_CMD\" 2>&1\nthen\n    \"$SWIFTLINT_CMD\"\nelse\n    echo \"warning: `swiftlint` command not found - See https://github.com/realm/SwiftLint#xcode-run-script-build-phase for installation instructions.\"\nfi\n";
		};
		808722072E89696E000AA252 /* SwiftLint Script */ = {
			isa = PBXShellScriptBuildPhase;
			alwaysOutOfDate = 1;
			buildActionMask = 2147483647;
			files = (
			);
			inputFileListPaths = (
			);
			inputPaths = (
			);
			name = "SwiftLint Script";
			outputFileListPaths = (
			);
			outputPaths = (
			);
			runOnlyForDeploymentPostprocessing = 0;
			shellPath = /bin/sh;
			shellScript = "SWIFT_PACKAGE_DIR=\"${BUILD_DIR%Build/*}SourcePackages/artifacts\"\nSWIFTLINT_CMD=\"$SWIFT_PACKAGE_DIR/swiftlintplugins/SwiftLintBinary/SwiftLintBinary.artifactbundle/macos/swiftlint\"\n\nif test -f \"$SWIFTLINT_CMD\" 2>&1\nthen\n    \"$SWIFTLINT_CMD\"\nelse\n    echo \"warning: `swiftlint` command not found - See https://github.com/realm/SwiftLint#xcode-run-script-build-phase for installation instructions.\"\nfi\n";
		};
		808722082E89697D000AA252 /* SwiftLint Script */ = {
			isa = PBXShellScriptBuildPhase;
			alwaysOutOfDate = 1;
			buildActionMask = 2147483647;
			files = (
			);
			inputFileListPaths = (
			);
			inputPaths = (
			);
			name = "SwiftLint Script";
			outputFileListPaths = (
			);
			outputPaths = (
			);
			runOnlyForDeploymentPostprocessing = 0;
			shellPath = /bin/sh;
			shellScript = "SWIFT_PACKAGE_DIR=\"${BUILD_DIR%Build/*}SourcePackages/artifacts\"\nSWIFTLINT_CMD=\"$SWIFT_PACKAGE_DIR/swiftlintplugins/SwiftLintBinary/SwiftLintBinary.artifactbundle/macos/swiftlint\"\n\nif test -f \"$SWIFTLINT_CMD\" 2>&1\nthen\n    \"$SWIFTLINT_CMD\"\nelse\n    echo \"warning: `swiftlint` command not found - See https://github.com/realm/SwiftLint#xcode-run-script-build-phase for installation instructions.\"\nfi\n";
		};
/* End PBXShellScriptBuildPhase section */

/* Begin PBXSourcesBuildPhase section */
		800727242E11A9FC00C43BA8 /* Sources */ = {
			isa = PBXSourcesBuildPhase;
			buildActionMask = 2147483647;
			files = (
			);
			runOnlyForDeploymentPostprocessing = 0;
		};
		800727632E11ACD400C43BA8 /* Sources */ = {
			isa = PBXSourcesBuildPhase;
			buildActionMask = 2147483647;
			files = (
			);
			runOnlyForDeploymentPostprocessing = 0;
		};
		802F7E5C2E0F198400F1BDF6 /* Sources */ = {
			isa = PBXSourcesBuildPhase;
			buildActionMask = 2147483647;
			files = (
			);
			runOnlyForDeploymentPostprocessing = 0;
		};
/* End PBXSourcesBuildPhase section */

/* Begin XCBuildConfiguration section */
		800727472E11A9FE00C43BA8 /* Debug */ = {
			isa = XCBuildConfiguration;
			buildSettings = {
				ASSETCATALOG_COMPILER_APPICON_NAME = AppIcon;
				ASSETCATALOG_COMPILER_GLOBAL_ACCENT_COLOR_NAME = AccentColor;
				ASSETCATALOG_COMPILER_INCLUDE_ALL_APPICON_ASSETS = YES;
				CODE_SIGN_ENTITLEMENTS = VoticeDemo_macOS/VoticeDemo_macOS.entitlements;
				CODE_SIGN_STYLE = Automatic;
				COMBINE_HIDPI_IMAGES = YES;
				CURRENT_PROJECT_VERSION = 1;
				DEVELOPMENT_TEAM = Q4X55987WE;
				ENABLE_HARDENED_RUNTIME = YES;
				ENABLE_PREVIEWS = YES;
				ENABLE_USER_SCRIPT_SANDBOXING = NO;
				GENERATE_INFOPLIST_FILE = YES;
				INFOPLIST_FILE = "VoticeDemo-macOS-Info.plist";
				INFOPLIST_KEY_CFBundleDisplayName = VoticeDemo;
				INFOPLIST_KEY_LSApplicationCategoryType = "public.app-category.developer-tools";
				INFOPLIST_KEY_NSHumanReadableCopyright = "";
				LD_RUNPATH_SEARCH_PATHS = (
					"$(inherited)",
					"@executable_path/../Frameworks",
				);
				MACOSX_DEPLOYMENT_TARGET = 14.6;
				MARKETING_VERSION = 1.0.0;
				PRODUCT_BUNDLE_IDENTIFIER = "com.artcc.VoticeDemo-macOS";
				PRODUCT_NAME = VoticeDemo;
				REGISTER_APP_GROUPS = YES;
				SDKROOT = macosx;
				SWIFT_EMIT_LOC_STRINGS = YES;
				SWIFT_VERSION = 6.0;
			};
			name = Debug;
		};
		800727482E11A9FE00C43BA8 /* Release */ = {
			isa = XCBuildConfiguration;
			buildSettings = {
				ASSETCATALOG_COMPILER_APPICON_NAME = AppIcon;
				ASSETCATALOG_COMPILER_GLOBAL_ACCENT_COLOR_NAME = AccentColor;
				ASSETCATALOG_COMPILER_INCLUDE_ALL_APPICON_ASSETS = YES;
				CODE_SIGN_ENTITLEMENTS = VoticeDemo_macOS/VoticeDemo_macOS.entitlements;
				CODE_SIGN_STYLE = Automatic;
				COMBINE_HIDPI_IMAGES = YES;
				CURRENT_PROJECT_VERSION = 1;
				DEVELOPMENT_TEAM = Q4X55987WE;
				ENABLE_HARDENED_RUNTIME = YES;
				ENABLE_PREVIEWS = YES;
				ENABLE_USER_SCRIPT_SANDBOXING = NO;
				GENERATE_INFOPLIST_FILE = YES;
				INFOPLIST_FILE = "VoticeDemo-macOS-Info.plist";
				INFOPLIST_KEY_CFBundleDisplayName = VoticeDemo;
				INFOPLIST_KEY_LSApplicationCategoryType = "public.app-category.developer-tools";
				INFOPLIST_KEY_NSHumanReadableCopyright = "";
				LD_RUNPATH_SEARCH_PATHS = (
					"$(inherited)",
					"@executable_path/../Frameworks",
				);
				MACOSX_DEPLOYMENT_TARGET = 14.6;
				MARKETING_VERSION = 1.0.0;
				PRODUCT_BUNDLE_IDENTIFIER = "com.artcc.VoticeDemo-macOS";
				PRODUCT_NAME = VoticeDemo;
				REGISTER_APP_GROUPS = YES;
				SDKROOT = macosx;
				SWIFT_EMIT_LOC_STRINGS = YES;
				SWIFT_VERSION = 6.0;
			};
			name = Release;
		};
		800727862E11ACD600C43BA8 /* Debug */ = {
			isa = XCBuildConfiguration;
			buildSettings = {
				ASSETCATALOG_COMPILER_APPICON_NAME = "App Icon & Top Shelf Image";
				ASSETCATALOG_COMPILER_GLOBAL_ACCENT_COLOR_NAME = AccentColor;
				ASSETCATALOG_COMPILER_INCLUDE_ALL_APPICON_ASSETS = YES;
				CODE_SIGN_STYLE = Automatic;
				CURRENT_PROJECT_VERSION = 1;
				DEVELOPMENT_TEAM = Q4X55987WE;
				ENABLE_PREVIEWS = YES;
				ENABLE_USER_SCRIPT_SANDBOXING = NO;
				GENERATE_INFOPLIST_FILE = YES;
				INFOPLIST_FILE = "VoticeDemo-tvOS-Info.plist";
				INFOPLIST_KEY_CFBundleDisplayName = VoticeDemo;
				INFOPLIST_KEY_LSApplicationCategoryType = "public.app-category.developer-tools";
				INFOPLIST_KEY_UILaunchScreen_Generation = YES;
				INFOPLIST_KEY_UIUserInterfaceStyle = Automatic;
				LD_RUNPATH_SEARCH_PATHS = (
					"$(inherited)",
					"@executable_path/Frameworks",
				);
				MARKETING_VERSION = 1.0.0;
				PRODUCT_BUNDLE_IDENTIFIER = "com.artcc.VoticeDemo-tvOS";
				PRODUCT_NAME = VoticeDemo;
				SDKROOT = appletvos;
				SWIFT_EMIT_LOC_STRINGS = YES;
				SWIFT_VERSION = 6.0;
				TARGETED_DEVICE_FAMILY = 3;
				TVOS_DEPLOYMENT_TARGET = 17.6;
			};
			name = Debug;
		};
		800727872E11ACD600C43BA8 /* Release */ = {
			isa = XCBuildConfiguration;
			buildSettings = {
				ASSETCATALOG_COMPILER_APPICON_NAME = "App Icon & Top Shelf Image";
				ASSETCATALOG_COMPILER_GLOBAL_ACCENT_COLOR_NAME = AccentColor;
				ASSETCATALOG_COMPILER_INCLUDE_ALL_APPICON_ASSETS = YES;
				CODE_SIGN_STYLE = Automatic;
				CURRENT_PROJECT_VERSION = 1;
				DEVELOPMENT_TEAM = Q4X55987WE;
				ENABLE_PREVIEWS = YES;
				ENABLE_USER_SCRIPT_SANDBOXING = NO;
				GENERATE_INFOPLIST_FILE = YES;
				INFOPLIST_FILE = "VoticeDemo-tvOS-Info.plist";
				INFOPLIST_KEY_CFBundleDisplayName = VoticeDemo;
				INFOPLIST_KEY_LSApplicationCategoryType = "public.app-category.developer-tools";
				INFOPLIST_KEY_UILaunchScreen_Generation = YES;
				INFOPLIST_KEY_UIUserInterfaceStyle = Automatic;
				LD_RUNPATH_SEARCH_PATHS = (
					"$(inherited)",
					"@executable_path/Frameworks",
				);
				MARKETING_VERSION = 1.0.0;
				PRODUCT_BUNDLE_IDENTIFIER = "com.artcc.VoticeDemo-tvOS";
				PRODUCT_NAME = VoticeDemo;
				SDKROOT = appletvos;
				SWIFT_EMIT_LOC_STRINGS = YES;
				SWIFT_VERSION = 6.0;
				TARGETED_DEVICE_FAMILY = 3;
				TVOS_DEPLOYMENT_TARGET = 17.6;
			};
			name = Release;
		};
		802F7E7F2E0F198500F1BDF6 /* Debug */ = {
			isa = XCBuildConfiguration;
			buildSettings = {
				ALWAYS_SEARCH_USER_PATHS = NO;
				ASSETCATALOG_COMPILER_GENERATE_SWIFT_ASSET_SYMBOL_EXTENSIONS = YES;
				CLANG_ANALYZER_NONNULL = YES;
				CLANG_ANALYZER_NUMBER_OBJECT_CONVERSION = YES_AGGRESSIVE;
				CLANG_CXX_LANGUAGE_STANDARD = "gnu++20";
				CLANG_ENABLE_MODULES = YES;
				CLANG_ENABLE_OBJC_ARC = YES;
				CLANG_ENABLE_OBJC_WEAK = YES;
				CLANG_WARN_BLOCK_CAPTURE_AUTORELEASING = YES;
				CLANG_WARN_BOOL_CONVERSION = YES;
				CLANG_WARN_COMMA = YES;
				CLANG_WARN_CONSTANT_CONVERSION = YES;
				CLANG_WARN_DEPRECATED_OBJC_IMPLEMENTATIONS = YES;
				CLANG_WARN_DIRECT_OBJC_ISA_USAGE = YES_ERROR;
				CLANG_WARN_DOCUMENTATION_COMMENTS = YES;
				CLANG_WARN_EMPTY_BODY = YES;
				CLANG_WARN_ENUM_CONVERSION = YES;
				CLANG_WARN_INFINITE_RECURSION = YES;
				CLANG_WARN_INT_CONVERSION = YES;
				CLANG_WARN_NON_LITERAL_NULL_CONVERSION = YES;
				CLANG_WARN_OBJC_IMPLICIT_RETAIN_SELF = YES;
				CLANG_WARN_OBJC_LITERAL_CONVERSION = YES;
				CLANG_WARN_OBJC_ROOT_CLASS = YES_ERROR;
				CLANG_WARN_QUOTED_INCLUDE_IN_FRAMEWORK_HEADER = YES;
				CLANG_WARN_RANGE_LOOP_ANALYSIS = YES;
				CLANG_WARN_STRICT_PROTOTYPES = YES;
				CLANG_WARN_SUSPICIOUS_MOVE = YES;
				CLANG_WARN_UNGUARDED_AVAILABILITY = YES_AGGRESSIVE;
				CLANG_WARN_UNREACHABLE_CODE = YES;
				CLANG_WARN__DUPLICATE_METHOD_MATCH = YES;
				COPY_PHASE_STRIP = NO;
				DEBUG_INFORMATION_FORMAT = "dwarf-with-dsym";
				ENABLE_STRICT_OBJC_MSGSEND = YES;
				ENABLE_TESTABILITY = YES;
				ENABLE_USER_SCRIPT_SANDBOXING = YES;
				GCC_C_LANGUAGE_STANDARD = gnu17;
				GCC_DYNAMIC_NO_PIC = NO;
				GCC_NO_COMMON_BLOCKS = YES;
				GCC_OPTIMIZATION_LEVEL = 0;
				GCC_PREPROCESSOR_DEFINITIONS = (
					"DEBUG=1",
					"$(inherited)",
				);
				GCC_WARN_64_TO_32_BIT_CONVERSION = YES;
				GCC_WARN_ABOUT_RETURN_TYPE = YES_ERROR;
				GCC_WARN_UNDECLARED_SELECTOR = YES;
				GCC_WARN_UNINITIALIZED_AUTOS = YES_AGGRESSIVE;
				GCC_WARN_UNUSED_FUNCTION = YES;
				GCC_WARN_UNUSED_VARIABLE = YES;
				IPHONEOS_DEPLOYMENT_TARGET = 17.6;
				LOCALIZATION_PREFERS_STRING_CATALOGS = YES;
				MTL_ENABLE_DEBUG_INFO = INCLUDE_SOURCE;
				MTL_FAST_MATH = YES;
				ONLY_ACTIVE_ARCH = YES;
				SDKROOT = iphoneos;
				SWIFT_ACTIVE_COMPILATION_CONDITIONS = "DEBUG $(inherited)";
				SWIFT_EMIT_LOC_STRINGS = YES;
				SWIFT_OPTIMIZATION_LEVEL = "-Onone";
				SWIFT_VERSION = 6.0;
			};
			name = Debug;
		};
		802F7E802E0F198500F1BDF6 /* Release */ = {
			isa = XCBuildConfiguration;
			buildSettings = {
				ALWAYS_SEARCH_USER_PATHS = NO;
				ASSETCATALOG_COMPILER_GENERATE_SWIFT_ASSET_SYMBOL_EXTENSIONS = YES;
				CLANG_ANALYZER_NONNULL = YES;
				CLANG_ANALYZER_NUMBER_OBJECT_CONVERSION = YES_AGGRESSIVE;
				CLANG_CXX_LANGUAGE_STANDARD = "gnu++20";
				CLANG_ENABLE_MODULES = YES;
				CLANG_ENABLE_OBJC_ARC = YES;
				CLANG_ENABLE_OBJC_WEAK = YES;
				CLANG_WARN_BLOCK_CAPTURE_AUTORELEASING = YES;
				CLANG_WARN_BOOL_CONVERSION = YES;
				CLANG_WARN_COMMA = YES;
				CLANG_WARN_CONSTANT_CONVERSION = YES;
				CLANG_WARN_DEPRECATED_OBJC_IMPLEMENTATIONS = YES;
				CLANG_WARN_DIRECT_OBJC_ISA_USAGE = YES_ERROR;
				CLANG_WARN_DOCUMENTATION_COMMENTS = YES;
				CLANG_WARN_EMPTY_BODY = YES;
				CLANG_WARN_ENUM_CONVERSION = YES;
				CLANG_WARN_INFINITE_RECURSION = YES;
				CLANG_WARN_INT_CONVERSION = YES;
				CLANG_WARN_NON_LITERAL_NULL_CONVERSION = YES;
				CLANG_WARN_OBJC_IMPLICIT_RETAIN_SELF = YES;
				CLANG_WARN_OBJC_LITERAL_CONVERSION = YES;
				CLANG_WARN_OBJC_ROOT_CLASS = YES_ERROR;
				CLANG_WARN_QUOTED_INCLUDE_IN_FRAMEWORK_HEADER = YES;
				CLANG_WARN_RANGE_LOOP_ANALYSIS = YES;
				CLANG_WARN_STRICT_PROTOTYPES = YES;
				CLANG_WARN_SUSPICIOUS_MOVE = YES;
				CLANG_WARN_UNGUARDED_AVAILABILITY = YES_AGGRESSIVE;
				CLANG_WARN_UNREACHABLE_CODE = YES;
				CLANG_WARN__DUPLICATE_METHOD_MATCH = YES;
				COPY_PHASE_STRIP = NO;
				DEBUG_INFORMATION_FORMAT = "dwarf-with-dsym";
				ENABLE_NS_ASSERTIONS = NO;
				ENABLE_STRICT_OBJC_MSGSEND = YES;
				ENABLE_USER_SCRIPT_SANDBOXING = YES;
				GCC_C_LANGUAGE_STANDARD = gnu17;
				GCC_NO_COMMON_BLOCKS = YES;
				GCC_WARN_64_TO_32_BIT_CONVERSION = YES;
				GCC_WARN_ABOUT_RETURN_TYPE = YES_ERROR;
				GCC_WARN_UNDECLARED_SELECTOR = YES;
				GCC_WARN_UNINITIALIZED_AUTOS = YES_AGGRESSIVE;
				GCC_WARN_UNUSED_FUNCTION = YES;
				GCC_WARN_UNUSED_VARIABLE = YES;
				IPHONEOS_DEPLOYMENT_TARGET = 17.6;
				LOCALIZATION_PREFERS_STRING_CATALOGS = YES;
				MTL_ENABLE_DEBUG_INFO = NO;
				MTL_FAST_MATH = YES;
				SDKROOT = iphoneos;
				SWIFT_COMPILATION_MODE = wholemodule;
				SWIFT_EMIT_LOC_STRINGS = YES;
				SWIFT_VERSION = 6.0;
				VALIDATE_PRODUCT = YES;
			};
			name = Release;
		};
		802F7E822E0F198500F1BDF6 /* Debug */ = {
			isa = XCBuildConfiguration;
			buildSettings = {
				ASSETCATALOG_COMPILER_APPICON_NAME = AppIcon;
				ASSETCATALOG_COMPILER_GLOBAL_ACCENT_COLOR_NAME = AccentColor;
				ASSETCATALOG_COMPILER_INCLUDE_ALL_APPICON_ASSETS = YES;
				CODE_SIGN_STYLE = Automatic;
				CURRENT_PROJECT_VERSION = 1;
				DEVELOPMENT_TEAM = Q4X55987WE;
				ENABLE_PREVIEWS = YES;
				ENABLE_USER_SCRIPT_SANDBOXING = NO;
				GENERATE_INFOPLIST_FILE = YES;
				INFOPLIST_FILE = VoticeDemo/Resources/Info.plist;
				INFOPLIST_KEY_CFBundleDisplayName = VoticeDemo;
				INFOPLIST_KEY_LSApplicationCategoryType = "public.app-category.developer-tools";
				INFOPLIST_KEY_UIApplicationSceneManifest_Generation = YES;
				INFOPLIST_KEY_UIApplicationSupportsIndirectInputEvents = YES;
				INFOPLIST_KEY_UILaunchScreen_Generation = YES;
				INFOPLIST_KEY_UISupportedInterfaceOrientations_iPad = "UIInterfaceOrientationPortrait UIInterfaceOrientationPortraitUpsideDown UIInterfaceOrientationLandscapeLeft UIInterfaceOrientationLandscapeRight";
				INFOPLIST_KEY_UISupportedInterfaceOrientations_iPhone = "UIInterfaceOrientationPortrait UIInterfaceOrientationLandscapeLeft UIInterfaceOrientationLandscapeRight";
				IPHONEOS_DEPLOYMENT_TARGET = 17.6;
				LD_RUNPATH_SEARCH_PATHS = (
					"$(inherited)",
					"@executable_path/Frameworks",
				);
				MARKETING_VERSION = 1.0.0;
				PRODUCT_BUNDLE_IDENTIFIER = com.artcc.VoticeDemo;
				PRODUCT_NAME = VoticeDemo;
				SWIFT_EMIT_LOC_STRINGS = YES;
				SWIFT_VERSION = 6.0;
				TARGETED_DEVICE_FAMILY = "1,2";
			};
			name = Debug;
		};
		802F7E832E0F198500F1BDF6 /* Release */ = {
			isa = XCBuildConfiguration;
			buildSettings = {
				ASSETCATALOG_COMPILER_APPICON_NAME = AppIcon;
				ASSETCATALOG_COMPILER_GLOBAL_ACCENT_COLOR_NAME = AccentColor;
				ASSETCATALOG_COMPILER_INCLUDE_ALL_APPICON_ASSETS = YES;
				CODE_SIGN_STYLE = Automatic;
				CURRENT_PROJECT_VERSION = 1;
				DEVELOPMENT_TEAM = Q4X55987WE;
				ENABLE_PREVIEWS = YES;
				ENABLE_USER_SCRIPT_SANDBOXING = NO;
				GENERATE_INFOPLIST_FILE = YES;
				INFOPLIST_FILE = VoticeDemo/Resources/Info.plist;
				INFOPLIST_KEY_CFBundleDisplayName = VoticeDemo;
				INFOPLIST_KEY_LSApplicationCategoryType = "public.app-category.developer-tools";
				INFOPLIST_KEY_UIApplicationSceneManifest_Generation = YES;
				INFOPLIST_KEY_UIApplicationSupportsIndirectInputEvents = YES;
				INFOPLIST_KEY_UILaunchScreen_Generation = YES;
				INFOPLIST_KEY_UISupportedInterfaceOrientations_iPad = "UIInterfaceOrientationPortrait UIInterfaceOrientationPortraitUpsideDown UIInterfaceOrientationLandscapeLeft UIInterfaceOrientationLandscapeRight";
				INFOPLIST_KEY_UISupportedInterfaceOrientations_iPhone = "UIInterfaceOrientationPortrait UIInterfaceOrientationLandscapeLeft UIInterfaceOrientationLandscapeRight";
				IPHONEOS_DEPLOYMENT_TARGET = 17.6;
				LD_RUNPATH_SEARCH_PATHS = (
					"$(inherited)",
					"@executable_path/Frameworks",
				);
				MARKETING_VERSION = 1.0.0;
				PRODUCT_BUNDLE_IDENTIFIER = com.artcc.VoticeDemo;
				PRODUCT_NAME = VoticeDemo;
				SWIFT_EMIT_LOC_STRINGS = YES;
				SWIFT_VERSION = 6.0;
				TARGETED_DEVICE_FAMILY = "1,2";
			};
			name = Release;
		};
/* End XCBuildConfiguration section */

/* Begin XCConfigurationList section */
		8007274D2E11A9FE00C43BA8 /* Build configuration list for PBXNativeTarget "VoticeDemo_macOS" */ = {
			isa = XCConfigurationList;
			buildConfigurations = (
				800727472E11A9FE00C43BA8 /* Debug */,
				800727482E11A9FE00C43BA8 /* Release */,
			);
			defaultConfigurationIsVisible = 0;
			defaultConfigurationName = Release;
		};
		800727852E11ACD600C43BA8 /* Build configuration list for PBXNativeTarget "VoticeDemo_tvOS" */ = {
			isa = XCConfigurationList;
			buildConfigurations = (
				800727862E11ACD600C43BA8 /* Debug */,
				800727872E11ACD600C43BA8 /* Release */,
			);
			defaultConfigurationIsVisible = 0;
			defaultConfigurationName = Release;
		};
		802F7E5B2E0F198400F1BDF6 /* Build configuration list for PBXProject "VoticeDemo" */ = {
			isa = XCConfigurationList;
			buildConfigurations = (
				802F7E7F2E0F198500F1BDF6 /* Debug */,
				802F7E802E0F198500F1BDF6 /* Release */,
			);
			defaultConfigurationIsVisible = 0;
			defaultConfigurationName = Release;
		};
		802F7E812E0F198500F1BDF6 /* Build configuration list for PBXNativeTarget "VoticeDemo" */ = {
			isa = XCConfigurationList;
			buildConfigurations = (
				802F7E822E0F198500F1BDF6 /* Debug */,
				802F7E832E0F198500F1BDF6 /* Release */,
			);
			defaultConfigurationIsVisible = 0;
			defaultConfigurationName = Release;
		};
/* End XCConfigurationList section */

/* Begin XCLocalSwiftPackageReference section */
		802EFBC82E23D3C200A7B595 /* XCLocalSwiftPackageReference "../../../votice-sdk" */ = {
			isa = XCLocalSwiftPackageReference;
			relativePath = "../../../votice-sdk";
		};
/* End XCLocalSwiftPackageReference section */

/* Begin XCRemoteSwiftPackageReference section */
		804E55272E0FCB2D004EED37 /* XCRemoteSwiftPackageReference "SwiftLintPlugins" */ = {
			isa = XCRemoteSwiftPackageReference;
			repositoryURL = "https://github.com/SimplyDanny/SwiftLintPlugins";
			requirement = {
				kind = upToNextMajorVersion;
				minimumVersion = 0.59.1;
			};
		};
/* End XCRemoteSwiftPackageReference section */

/* Begin XCSwiftPackageProductDependency section */
		802EFBBF2E23D29600A7B595 /* VoticeSDK */ = {
			isa = XCSwiftPackageProductDependency;
			productName = VoticeSDK;
		};
		802EFBC62E23D35A00A7B595 /* VoticeSDK */ = {
			isa = XCSwiftPackageProductDependency;
			productName = VoticeSDK;
		};
		802EFBC92E23D3C200A7B595 /* VoticeSDK */ = {
			isa = XCSwiftPackageProductDependency;
			productName = VoticeSDK;
		};
		802EFBCB2E23D3CE00A7B595 /* VoticeSDK */ = {
			isa = XCSwiftPackageProductDependency;
			package = 802EFBC82E23D3C200A7B595 /* XCLocalSwiftPackageReference "../../../votice-sdk" */;
			productName = VoticeSDK;
		};
		802EFBCD2E23D3D300A7B595 /* VoticeSDK */ = {
			isa = XCSwiftPackageProductDependency;
			package = 802EFBC82E23D3C200A7B595 /* XCLocalSwiftPackageReference "../../../votice-sdk" */;
			productName = VoticeSDK;
		};
/* End XCSwiftPackageProductDependency section */
	};
	rootObject = 802F7E582E0F198400F1BDF6 /* Project object */;
}
