// !$*UTF8*$!
{
	archiveVersion = 1;
	classes = {
	};
	objectVersion = 77;
	objects = {

/* Begin PBXBuildFile section */
		802F7E8E2E0F1A2500F1BDF6 /* Assets.xcassets in Resources */ = {isa = PBXBuildFile; fileRef = 802F7E8A2E0F1A2500F1BDF6 /* Assets.xcassets */; };
		802F7E8F2E0F1A2500F1BDF6 /* ContentView.swift in Sources */ = {isa = PBXBuildFile; fileRef = 802F7E8B2E0F1A2500F1BDF6 /* ContentView.swift */; };
		802F7E902E0F1A2500F1BDF6 /* VoticeDemoApp.swift in Sources */ = {isa = PBXBuildFile; fileRef = 802F7E8C2E0F1A2500F1BDF6 /* VoticeDemoApp.swift */; };
		802F7E932E0F1A2700F1BDF6 /* VoticeDemoTests.swift in Sources */ = {isa = PBXBuildFile; fileRef = 802F7E912E0F1A2700F1BDF6 /* VoticeDemoTests.swift */; };
		802F7E972E0F1A2900F1BDF6 /* VoticeDemoUITests.swift in Sources */ = {isa = PBXBuildFile; fileRef = 802F7E942E0F1A2900F1BDF6 /* VoticeDemoUITests.swift */; };
		802F7E982E0F1A2900F1BDF6 /* VoticeDemoUITestsLaunchTests.swift in Sources */ = {isa = PBXBuildFile; fileRef = 802F7E952E0F1A2900F1BDF6 /* VoticeDemoUITestsLaunchTests.swift */; };
		80DFD2732E0F1D6B00DD20F2 /* Votice in Frameworks */ = {isa = PBXBuildFile; productRef = 80DFD2722E0F1D6B00DD20F2 /* Votice */; };
/* End PBXBuildFile section */

/* Begin PBXContainerItemProxy section */
		802F7E6E2E0F198500F1BDF6 /* PBXContainerItemProxy */ = {
			isa = PBXContainerItemProxy;
			containerPortal = 802F7E582E0F198400F1BDF6 /* Project object */;
			proxyType = 1;
			remoteGlobalIDString = 802F7E5F2E0F198400F1BDF6;
			remoteInfo = VoticeDemo;
		};
		802F7E782E0F198500F1BDF6 /* PBXContainerItemProxy */ = {
			isa = PBXContainerItemProxy;
			containerPortal = 802F7E582E0F198400F1BDF6 /* Project object */;
			proxyType = 1;
			remoteGlobalIDString = 802F7E5F2E0F198400F1BDF6;
			remoteInfo = VoticeDemo;
		};
/* End PBXContainerItemProxy section */

/* Begin PBXFileReference section */
		802F7E602E0F198400F1BDF6 /* VoticeDemo.app */ = {isa = PBXFileReference; explicitFileType = wrapper.application; includeInIndex = 0; path = VoticeDemo.app; sourceTree = BUILT_PRODUCTS_DIR; };
		802F7E6D2E0F198500F1BDF6 /* VoticeDemoTests.xctest */ = {isa = PBXFileReference; explicitFileType = wrapper.cfbundle; includeInIndex = 0; path = VoticeDemoTests.xctest; sourceTree = BUILT_PRODUCTS_DIR; };
		802F7E772E0F198500F1BDF6 /* VoticeDemoUITests.xctest */ = {isa = PBXFileReference; explicitFileType = wrapper.cfbundle; includeInIndex = 0; path = VoticeDemoUITests.xctest; sourceTree = BUILT_PRODUCTS_DIR; };
		802F7E8A2E0F1A2500F1BDF6 /* Assets.xcassets */ = {isa = PBXFileReference; lastKnownFileType = folder.assetcatalog; path = Assets.xcassets; sourceTree = "<group>"; };
		802F7E8B2E0F1A2500F1BDF6 /* ContentView.swift */ = {isa = PBXFileReference; lastKnownFileType = sourcecode.swift; path = ContentView.swift; sourceTree = "<group>"; };
		802F7E8C2E0F1A2500F1BDF6 /* VoticeDemoApp.swift */ = {isa = PBXFileReference; lastKnownFileType = sourcecode.swift; path = VoticeDemoApp.swift; sourceTree = "<group>"; };
		802F7E912E0F1A2700F1BDF6 /* VoticeDemoTests.swift */ = {isa = PBXFileReference; lastKnownFileType = sourcecode.swift; path = VoticeDemoTests.swift; sourceTree = "<group>"; };
		802F7E942E0F1A2900F1BDF6 /* VoticeDemoUITests.swift */ = {isa = PBXFileReference; lastKnownFileType = sourcecode.swift; path = VoticeDemoUITests.swift; sourceTree = "<group>"; };
		802F7E952E0F1A2900F1BDF6 /* VoticeDemoUITestsLaunchTests.swift */ = {isa = PBXFileReference; lastKnownFileType = sourcecode.swift; path = VoticeDemoUITestsLaunchTests.swift; sourceTree = "<group>"; };
/* End PBXFileReference section */

/* Begin PBXFrameworksBuildPhase section */
		802F7E5D2E0F198400F1BDF6 /* Frameworks */ = {
			isa = PBXFrameworksBuildPhase;
			buildActionMask = 2147483647;
			files = (
				80DFD2732E0F1D6B00DD20F2 /* Votice in Frameworks */,
			);
			runOnlyForDeploymentPostprocessing = 0;
		};
		802F7E6A2E0F198500F1BDF6 /* Frameworks */ = {
			isa = PBXFrameworksBuildPhase;
			buildActionMask = 2147483647;
			files = (
			);
			runOnlyForDeploymentPostprocessing = 0;
		};
		802F7E742E0F198500F1BDF6 /* Frameworks */ = {
			isa = PBXFrameworksBuildPhase;
			buildActionMask = 2147483647;
			files = (
			);
			runOnlyForDeploymentPostprocessing = 0;
		};
/* End PBXFrameworksBuildPhase section */

/* Begin PBXGroup section */
		802F7E572E0F198400F1BDF6 = {
			isa = PBXGroup;
			children = (
				802F7E8D2E0F1A2500F1BDF6 /* VoticeDemo */,
				802F7E922E0F1A2700F1BDF6 /* VoticeDemoTests */,
				802F7E962E0F1A2900F1BDF6 /* VoticeDemoUITests */,
				802F7E612E0F198400F1BDF6 /* Products */,
			);
			sourceTree = "<group>";
		};
		802F7E612E0F198400F1BDF6 /* Products */ = {
			isa = PBXGroup;
			children = (
				802F7E602E0F198400F1BDF6 /* VoticeDemo.app */,
				802F7E6D2E0F198500F1BDF6 /* VoticeDemoTests.xctest */,
				802F7E772E0F198500F1BDF6 /* VoticeDemoUITests.xctest */,
			);
			name = Products;
			sourceTree = "<group>";
		};
		802F7E8D2E0F1A2500F1BDF6 /* VoticeDemo */ = {
			isa = PBXGroup;
			children = (
				802F7E8A2E0F1A2500F1BDF6 /* Assets.xcassets */,
				802F7E8B2E0F1A2500F1BDF6 /* ContentView.swift */,
				802F7E8C2E0F1A2500F1BDF6 /* VoticeDemoApp.swift */,
			);
			path = VoticeDemo;
			sourceTree = "<group>";
		};
		802F7E922E0F1A2700F1BDF6 /* VoticeDemoTests */ = {
			isa = PBXGroup;
			children = (
				802F7E912E0F1A2700F1BDF6 /* VoticeDemoTests.swift */,
			);
			path = VoticeDemoTests;
			sourceTree = "<group>";
		};
		802F7E962E0F1A2900F1BDF6 /* VoticeDemoUITests */ = {
			isa = PBXGroup;
			children = (
				802F7E942E0F1A2900F1BDF6 /* VoticeDemoUITests.swift */,
				802F7E952E0F1A2900F1BDF6 /* VoticeDemoUITestsLaunchTests.swift */,
			);
			path = VoticeDemoUITests;
			sourceTree = "<group>";
		};
/* End PBXGroup section */

/* Begin PBXNativeTarget section */
		802F7E5F2E0F198400F1BDF6 /* VoticeDemo */ = {
			isa = PBXNativeTarget;
			buildConfigurationList = 802F7E812E0F198500F1BDF6 /* Build configuration list for PBXNativeTarget "VoticeDemo" */;
			buildPhases = (
				802F7E5C2E0F198400F1BDF6 /* Sources */,
				802F7E5D2E0F198400F1BDF6 /* Frameworks */,
				802F7E5E2E0F198400F1BDF6 /* Resources */,
			);
			buildRules = (
			);
			dependencies = (
			);
			name = VoticeDemo;
			packageProductDependencies = (
				80DFD2722E0F1D6B00DD20F2 /* Votice */,
			);
			productName = VoticeDemo;
			productReference = 802F7E602E0F198400F1BDF6 /* VoticeDemo.app */;
			productType = "com.apple.product-type.application";
		};
		802F7E6C2E0F198500F1BDF6 /* VoticeDemoTests */ = {
			isa = PBXNativeTarget;
			buildConfigurationList = 802F7E842E0F198500F1BDF6 /* Build configuration list for PBXNativeTarget "VoticeDemoTests" */;
			buildPhases = (
				802F7E692E0F198500F1BDF6 /* Sources */,
				802F7E6A2E0F198500F1BDF6 /* Frameworks */,
				802F7E6B2E0F198500F1BDF6 /* Resources */,
			);
			buildRules = (
			);
			dependencies = (
				802F7E6F2E0F198500F1BDF6 /* PBXTargetDependency */,
			);
			name = VoticeDemoTests;
			packageProductDependencies = (
			);
			productName = VoticeDemoTests;
			productReference = 802F7E6D2E0F198500F1BDF6 /* VoticeDemoTests.xctest */;
			productType = "com.apple.product-type.bundle.unit-test";
		};
		802F7E762E0F198500F1BDF6 /* VoticeDemoUITests */ = {
			isa = PBXNativeTarget;
			buildConfigurationList = 802F7E872E0F198500F1BDF6 /* Build configuration list for PBXNativeTarget "VoticeDemoUITests" */;
			buildPhases = (
				802F7E732E0F198500F1BDF6 /* Sources */,
				802F7E742E0F198500F1BDF6 /* Frameworks */,
				802F7E752E0F198500F1BDF6 /* Resources */,
			);
			buildRules = (
			);
			dependencies = (
				802F7E792E0F198500F1BDF6 /* PBXTargetDependency */,
			);
			name = VoticeDemoUITests;
			packageProductDependencies = (
			);
			productName = VoticeDemoUITests;
			productReference = 802F7E772E0F198500F1BDF6 /* VoticeDemoUITests.xctest */;
			productType = "com.apple.product-type.bundle.ui-testing";
		};
/* End PBXNativeTarget section */

/* Begin PBXProject section */
		802F7E582E0F198400F1BDF6 /* Project object */ = {
			isa = PBXProject;
			attributes = {
				BuildIndependentTargetsInParallel = 1;
				LastSwiftUpdateCheck = 1640;
				LastUpgradeCheck = 1640;
				TargetAttributes = {
					802F7E5F2E0F198400F1BDF6 = {
						CreatedOnToolsVersion = 16.4;
					};
					802F7E6C2E0F198500F1BDF6 = {
						CreatedOnToolsVersion = 16.4;
						TestTargetID = 802F7E5F2E0F198400F1BDF6;
					};
					802F7E762E0F198500F1BDF6 = {
						CreatedOnToolsVersion = 16.4;
						TestTargetID = 802F7E5F2E0F198400F1BDF6;
					};
				};
			};
			buildConfigurationList = 802F7E5B2E0F198400F1BDF6 /* Build configuration list for PBXProject "VoticeDemo" */;
			developmentRegion = en;
			hasScannedForEncodings = 0;
			knownRegions = (
				en,
				Base,
			);
			mainGroup = 802F7E572E0F198400F1BDF6;
			minimizedProjectReferenceProxies = 1;
			packageReferences = (
				80DFD2712E0F1D6B00DD20F2 /* XCLocalSwiftPackageReference "../../../votice-sdk" */,
			);
			preferredProjectObjectVersion = 77;
			productRefGroup = 802F7E612E0F198400F1BDF6 /* Products */;
			projectDirPath = "";
			projectRoot = "";
			targets = (
				802F7E5F2E0F198400F1BDF6 /* VoticeDemo */,
				802F7E6C2E0F198500F1BDF6 /* VoticeDemoTests */,
				802F7E762E0F198500F1BDF6 /* VoticeDemoUITests */,
			);
		};
/* End PBXProject section */

/* Begin PBXResourcesBuildPhase section */
		802F7E5E2E0F198400F1BDF6 /* Resources */ = {
			isa = PBXResourcesBuildPhase;
			buildActionMask = 2147483647;
			files = (
				802F7E8E2E0F1A2500F1BDF6 /* Assets.xcassets in Resources */,
			);
			runOnlyForDeploymentPostprocessing = 0;
		};
		802F7E6B2E0F198500F1BDF6 /* Resources */ = {
			isa = PBXResourcesBuildPhase;
			buildActionMask = 2147483647;
			files = (
			);
			runOnlyForDeploymentPostprocessing = 0;
		};
		802F7E752E0F198500F1BDF6 /* Resources */ = {
			isa = PBXResourcesBuildPhase;
			buildActionMask = 2147483647;
			files = (
			);
			runOnlyForDeploymentPostprocessing = 0;
		};
/* End PBXResourcesBuildPhase section */

/* Begin PBXSourcesBuildPhase section */
		802F7E5C2E0F198400F1BDF6 /* Sources */ = {
			isa = PBXSourcesBuildPhase;
			buildActionMask = 2147483647;
			files = (
				802F7E8F2E0F1A2500F1BDF6 /* ContentView.swift in Sources */,
				802F7E902E0F1A2500F1BDF6 /* VoticeDemoApp.swift in Sources */,
			);
			runOnlyForDeploymentPostprocessing = 0;
		};
		802F7E692E0F198500F1BDF6 /* Sources */ = {
			isa = PBXSourcesBuildPhase;
			buildActionMask = 2147483647;
			files = (
				802F7E932E0F1A2700F1BDF6 /* VoticeDemoTests.swift in Sources */,
			);
			runOnlyForDeploymentPostprocessing = 0;
		};
		802F7E732E0F198500F1BDF6 /* Sources */ = {
			isa = PBXSourcesBuildPhase;
			buildActionMask = 2147483647;
			files = (
				802F7E972E0F1A2900F1BDF6 /* VoticeDemoUITests.swift in Sources */,
				802F7E982E0F1A2900F1BDF6 /* VoticeDemoUITestsLaunchTests.swift in Sources */,
			);
			runOnlyForDeploymentPostprocessing = 0;
		};
/* End PBXSourcesBuildPhase section */

/* Begin PBXTargetDependency section */
		802F7E6F2E0F198500F1BDF6 /* PBXTargetDependency */ = {
			isa = PBXTargetDependency;
			target = 802F7E5F2E0F198400F1BDF6 /* VoticeDemo */;
			targetProxy = 802F7E6E2E0F198500F1BDF6 /* PBXContainerItemProxy */;
		};
		802F7E792E0F198500F1BDF6 /* PBXTargetDependency */ = {
			isa = PBXTargetDependency;
			target = 802F7E5F2E0F198400F1BDF6 /* VoticeDemo */;
			targetProxy = 802F7E782E0F198500F1BDF6 /* PBXContainerItemProxy */;
		};
/* End PBXTargetDependency section */

/* Begin XCBuildConfiguration section */
		802F7E7F2E0F198500F1BDF6 /* Debug */ = {
			isa = XCBuildConfiguration;
			buildSettings = {
				ALWAYS_SEARCH_USER_PATHS = NO;
				ASSETCATALOG_COMPILER_GENERATE_SWIFT_ASSET_SYMBOL_EXTENSIONS = YES;
				CLANG_ANALYZER_NONNULL = YES;
				CLANG_ANALYZER_NUMBER_OBJECT_CONVERSION = YES_AGGRESSIVE;
				CLANG_CXX_LANGUAGE_STANDARD = "gnu++20";
				CLANG_ENABLE_MODULES = YES;
				CLANG_ENABLE_OBJC_ARC = YES;
				CLANG_ENABLE_OBJC_WEAK = YES;
				CLANG_WARN_BLOCK_CAPTURE_AUTORELEASING = YES;
				CLANG_WARN_BOOL_CONVERSION = YES;
				CLANG_WARN_COMMA = YES;
				CLANG_WARN_CONSTANT_CONVERSION = YES;
				CLANG_WARN_DEPRECATED_OBJC_IMPLEMENTATIONS = YES;
				CLANG_WARN_DIRECT_OBJC_ISA_USAGE = YES_ERROR;
				CLANG_WARN_DOCUMENTATION_COMMENTS = YES;
				CLANG_WARN_EMPTY_BODY = YES;
				CLANG_WARN_ENUM_CONVERSION = YES;
				CLANG_WARN_INFINITE_RECURSION = YES;
				CLANG_WARN_INT_CONVERSION = YES;
				CLANG_WARN_NON_LITERAL_NULL_CONVERSION = YES;
				CLANG_WARN_OBJC_IMPLICIT_RETAIN_SELF = YES;
				CLANG_WARN_OBJC_LITERAL_CONVERSION = YES;
				CLANG_WARN_OBJC_ROOT_CLASS = YES_ERROR;
				CLANG_WARN_QUOTED_INCLUDE_IN_FRAMEWORK_HEADER = YES;
				CLANG_WARN_RANGE_LOOP_ANALYSIS = YES;
				CLANG_WARN_STRICT_PROTOTYPES = YES;
				CLANG_WARN_SUSPICIOUS_MOVE = YES;
				CLANG_WARN_UNGUARDED_AVAILABILITY = YES_AGGRESSIVE;
				CLANG_WARN_UNREACHABLE_CODE = YES;
				CLANG_WARN__DUPLICATE_METHOD_MATCH = YES;
				COPY_PHASE_STRIP = NO;
				DEBUG_INFORMATION_FORMAT = dwarf;
				ENABLE_STRICT_OBJC_MSGSEND = YES;
				ENABLE_TESTABILITY = YES;
				ENABLE_USER_SCRIPT_SANDBOXING = YES;
				GCC_C_LANGUAGE_STANDARD = gnu17;
				GCC_DYNAMIC_NO_PIC = NO;
				GCC_NO_COMMON_BLOCKS = YES;
				GCC_OPTIMIZATION_LEVEL = 0;
				GCC_PREPROCESSOR_DEFINITIONS = (
					"DEBUG=1",
					"$(inherited)",
				);
				GCC_WARN_64_TO_32_BIT_CONVERSION = YES;
				GCC_WARN_ABOUT_RETURN_TYPE = YES_ERROR;
				GCC_WARN_UNDECLARED_SELECTOR = YES;
				GCC_WARN_UNINITIALIZED_AUTOS = YES_AGGRESSIVE;
				GCC_WARN_UNUSED_FUNCTION = YES;
				GCC_WARN_UNUSED_VARIABLE = YES;
				IPHONEOS_DEPLOYMENT_TARGET = 18.5;
				LOCALIZATION_PREFERS_STRING_CATALOGS = YES;
				MTL_ENABLE_DEBUG_INFO = INCLUDE_SOURCE;
				MTL_FAST_MATH = YES;
				ONLY_ACTIVE_ARCH = YES;
				SDKROOT = iphoneos;
				SWIFT_ACTIVE_COMPILATION_CONDITIONS = "DEBUG $(inherited)";
				SWIFT_OPTIMIZATION_LEVEL = "-Onone";
				SWIFT_VERSION = 6.0;
			};
			name = Debug;
		};
		802F7E802E0F198500F1BDF6 /* Release */ = {
			isa = XCBuildConfiguration;
			buildSettings = {
				ALWAYS_SEARCH_USER_PATHS = NO;
				ASSETCATALOG_COMPILER_GENERATE_SWIFT_ASSET_SYMBOL_EXTENSIONS = YES;
				CLANG_ANALYZER_NONNULL = YES;
				CLANG_ANALYZER_NUMBER_OBJECT_CONVERSION = YES_AGGRESSIVE;
				CLANG_CXX_LANGUAGE_STANDARD = "gnu++20";
				CLANG_ENABLE_MODULES = YES;
				CLANG_ENABLE_OBJC_ARC = YES;
				CLANG_ENABLE_OBJC_WEAK = YES;
				CLANG_WARN_BLOCK_CAPTURE_AUTORELEASING = YES;
				CLANG_WARN_BOOL_CONVERSION = YES;
				CLANG_WARN_COMMA = YES;
				CLANG_WARN_CONSTANT_CONVERSION = YES;
				CLANG_WARN_DEPRECATED_OBJC_IMPLEMENTATIONS = YES;
				CLANG_WARN_DIRECT_OBJC_ISA_USAGE = YES_ERROR;
				CLANG_WARN_DOCUMENTATION_COMMENTS = YES;
				CLANG_WARN_EMPTY_BODY = YES;
				CLANG_WARN_ENUM_CONVERSION = YES;
				CLANG_WARN_INFINITE_RECURSION = YES;
				CLANG_WARN_INT_CONVERSION = YES;
				CLANG_WARN_NON_LITERAL_NULL_CONVERSION = YES;
				CLANG_WARN_OBJC_IMPLICIT_RETAIN_SELF = YES;
				CLANG_WARN_OBJC_LITERAL_CONVERSION = YES;
				CLANG_WARN_OBJC_ROOT_CLASS = YES_ERROR;
				CLANG_WARN_QUOTED_INCLUDE_IN_FRAMEWORK_HEADER = YES;
				CLANG_WARN_RANGE_LOOP_ANALYSIS = YES;
				CLANG_WARN_STRICT_PROTOTYPES = YES;
				CLANG_WARN_SUSPICIOUS_MOVE = YES;
				CLANG_WARN_UNGUARDED_AVAILABILITY = YES_AGGRESSIVE;
				CLANG_WARN_UNREACHABLE_CODE = YES;
				CLANG_WARN__DUPLICATE_METHOD_MATCH = YES;
				COPY_PHASE_STRIP = NO;
				DEBUG_INFORMATION_FORMAT = "dwarf-with-dsym";
				ENABLE_NS_ASSERTIONS = NO;
				ENABLE_STRICT_OBJC_MSGSEND = YES;
				ENABLE_USER_SCRIPT_SANDBOXING = YES;
				GCC_C_LANGUAGE_STANDARD = gnu17;
				GCC_NO_COMMON_BLOCKS = YES;
				GCC_WARN_64_TO_32_BIT_CONVERSION = YES;
				GCC_WARN_ABOUT_RETURN_TYPE = YES_ERROR;
				GCC_WARN_UNDECLARED_SELECTOR = YES;
				GCC_WARN_UNINITIALIZED_AUTOS = YES_AGGRESSIVE;
				GCC_WARN_UNUSED_FUNCTION = YES;
				GCC_WARN_UNUSED_VARIABLE = YES;
				IPHONEOS_DEPLOYMENT_TARGET = 18.5;
				LOCALIZATION_PREFERS_STRING_CATALOGS = YES;
				MTL_ENABLE_DEBUG_INFO = NO;
				MTL_FAST_MATH = YES;
				SDKROOT = iphoneos;
				SWIFT_COMPILATION_MODE = wholemodule;
				SWIFT_VERSION = 6.0;
				VALIDATE_PRODUCT = YES;
			};
			name = Release;
		};
		802F7E822E0F198500F1BDF6 /* Debug */ = {
			isa = XCBuildConfiguration;
			buildSettings = {
				ASSETCATALOG_COMPILER_APPICON_NAME = AppIcon;
				ASSETCATALOG_COMPILER_GLOBAL_ACCENT_COLOR_NAME = AccentColor;
				CODE_SIGN_STYLE = Automatic;
				CURRENT_PROJECT_VERSION = 1;
				DEVELOPMENT_TEAM = Q4X55987WE;
				ENABLE_PREVIEWS = YES;
				GENERATE_INFOPLIST_FILE = YES;
				INFOPLIST_KEY_CFBundleDisplayName = VoticeDemo;
				INFOPLIST_KEY_LSApplicationCategoryType = "public.app-category.developer-tools";
				INFOPLIST_KEY_UIApplicationSceneManifest_Generation = YES;
				INFOPLIST_KEY_UIApplicationSupportsIndirectInputEvents = YES;
				INFOPLIST_KEY_UILaunchScreen_Generation = YES;
				INFOPLIST_KEY_UISupportedInterfaceOrientations_iPad = "UIInterfaceOrientationPortrait UIInterfaceOrientationPortraitUpsideDown UIInterfaceOrientationLandscapeLeft UIInterfaceOrientationLandscapeRight";
				INFOPLIST_KEY_UISupportedInterfaceOrientations_iPhone = "UIInterfaceOrientationPortrait UIInterfaceOrientationLandscapeLeft UIInterfaceOrientationLandscapeRight";
				IPHONEOS_DEPLOYMENT_TARGET = 18.5;
				LD_RUNPATH_SEARCH_PATHS = (
					"$(inherited)",
					"@executable_path/Frameworks",
				);
				MARKETING_VERSION = 1.0.0;
				PRODUCT_BUNDLE_IDENTIFIER = com.artcc.VoticeDemo;
				PRODUCT_NAME = "$(TARGET_NAME)";
				SWIFT_EMIT_LOC_STRINGS = YES;
				SWIFT_VERSION = 6.0;
				TARGETED_DEVICE_FAMILY = "1,2";
			};
			name = Debug;
		};
		802F7E832E0F198500F1BDF6 /* Release */ = {
			isa = XCBuildConfiguration;
			buildSettings = {
				ASSETCATALOG_COMPILER_APPICON_NAME = AppIcon;
				ASSETCATALOG_COMPILER_GLOBAL_ACCENT_COLOR_NAME = AccentColor;
				CODE_SIGN_STYLE = Automatic;
				CURRENT_PROJECT_VERSION = 1;
				DEVELOPMENT_TEAM = Q4X55987WE;
				ENABLE_PREVIEWS = YES;
				GENERATE_INFOPLIST_FILE = YES;
				INFOPLIST_KEY_CFBundleDisplayName = VoticeDemo;
				INFOPLIST_KEY_LSApplicationCategoryType = "public.app-category.developer-tools";
				INFOPLIST_KEY_UIApplicationSceneManifest_Generation = YES;
				INFOPLIST_KEY_UIApplicationSupportsIndirectInputEvents = YES;
				INFOPLIST_KEY_UILaunchScreen_Generation = YES;
				INFOPLIST_KEY_UISupportedInterfaceOrientations_iPad = "UIInterfaceOrientationPortrait UIInterfaceOrientationPortraitUpsideDown UIInterfaceOrientationLandscapeLeft UIInterfaceOrientationLandscapeRight";
				INFOPLIST_KEY_UISupportedInterfaceOrientations_iPhone = "UIInterfaceOrientationPortrait UIInterfaceOrientationLandscapeLeft UIInterfaceOrientationLandscapeRight";
				IPHONEOS_DEPLOYMENT_TARGET = 18.5;
				LD_RUNPATH_SEARCH_PATHS = (
					"$(inherited)",
					"@executable_path/Frameworks",
				);
				MARKETING_VERSION = 1.0.0;
				PRODUCT_BUNDLE_IDENTIFIER = com.artcc.VoticeDemo;
				PRODUCT_NAME = "$(TARGET_NAME)";
				SWIFT_EMIT_LOC_STRINGS = YES;
				SWIFT_VERSION = 6.0;
				TARGETED_DEVICE_FAMILY = "1,2";
			};
			name = Release;
		};
		802F7E852E0F198500F1BDF6 /* Debug */ = {
			isa = XCBuildConfiguration;
			buildSettings = {
				BUNDLE_LOADER = "$(TEST_HOST)";
				CODE_SIGN_STYLE = Automatic;
				CURRENT_PROJECT_VERSION = 1;
				GENERATE_INFOPLIST_FILE = YES;
				IPHONEOS_DEPLOYMENT_TARGET = 18.5;
				MARKETING_VERSION = 1.0;
				PRODUCT_BUNDLE_IDENTIFIER = com.artcc.VoticeDemoTests;
				PRODUCT_NAME = "$(TARGET_NAME)";
				SWIFT_EMIT_LOC_STRINGS = NO;
				SWIFT_VERSION = 6.0;
				TARGETED_DEVICE_FAMILY = "1,2";
				TEST_HOST = "$(BUILT_PRODUCTS_DIR)/VoticeDemo.app/$(BUNDLE_EXECUTABLE_FOLDER_PATH)/VoticeDemo";
			};
			name = Debug;
		};
		802F7E862E0F198500F1BDF6 /* Release */ = {
			isa = XCBuildConfiguration;
			buildSettings = {
				BUNDLE_LOADER = "$(TEST_HOST)";
				CODE_SIGN_STYLE = Automatic;
				CURRENT_PROJECT_VERSION = 1;
				GENERATE_INFOPLIST_FILE = YES;
				IPHONEOS_DEPLOYMENT_TARGET = 18.5;
				MARKETING_VERSION = 1.0;
				PRODUCT_BUNDLE_IDENTIFIER = com.artcc.VoticeDemoTests;
				PRODUCT_NAME = "$(TARGET_NAME)";
				SWIFT_EMIT_LOC_STRINGS = NO;
				SWIFT_VERSION = 6.0;
				TARGETED_DEVICE_FAMILY = "1,2";
				TEST_HOST = "$(BUILT_PRODUCTS_DIR)/VoticeDemo.app/$(BUNDLE_EXECUTABLE_FOLDER_PATH)/VoticeDemo";
			};
			name = Release;
		};
		802F7E882E0F198500F1BDF6 /* Debug */ = {
			isa = XCBuildConfiguration;
			buildSettings = {
				CODE_SIGN_STYLE = Automatic;
				CURRENT_PROJECT_VERSION = 1;
				GENERATE_INFOPLIST_FILE = YES;
				MARKETING_VERSION = 1.0;
				PRODUCT_BUNDLE_IDENTIFIER = com.artcc.VoticeDemoUITests;
				PRODUCT_NAME = "$(TARGET_NAME)";
				SWIFT_EMIT_LOC_STRINGS = NO;
				SWIFT_VERSION = 6.0;
				TARGETED_DEVICE_FAMILY = "1,2";
				TEST_TARGET_NAME = VoticeDemo;
			};
			name = Debug;
		};
		802F7E892E0F198500F1BDF6 /* Release */ = {
			isa = XCBuildConfiguration;
			buildSettings = {
				CODE_SIGN_STYLE = Automatic;
				CURRENT_PROJECT_VERSION = 1;
				GENERATE_INFOPLIST_FILE = YES;
				MARKETING_VERSION = 1.0;
				PRODUCT_BUNDLE_IDENTIFIER = com.artcc.VoticeDemoUITests;
				PRODUCT_NAME = "$(TARGET_NAME)";
				SWIFT_EMIT_LOC_STRINGS = NO;
				SWIFT_VERSION = 6.0;
				TARGETED_DEVICE_FAMILY = "1,2";
				TEST_TARGET_NAME = VoticeDemo;
			};
			name = Release;
		};
/* End XCBuildConfiguration section */

/* Begin XCConfigurationList section */
		802F7E5B2E0F198400F1BDF6 /* Build configuration list for PBXProject "VoticeDemo" */ = {
			isa = XCConfigurationList;
			buildConfigurations = (
				802F7E7F2E0F198500F1BDF6 /* Debug */,
				802F7E802E0F198500F1BDF6 /* Release */,
			);
			defaultConfigurationIsVisible = 0;
			defaultConfigurationName = Release;
		};
		802F7E812E0F198500F1BDF6 /* Build configuration list for PBXNativeTarget "VoticeDemo" */ = {
			isa = XCConfigurationList;
			buildConfigurations = (
				802F7E822E0F198500F1BDF6 /* Debug */,
				802F7E832E0F198500F1BDF6 /* Release */,
			);
			defaultConfigurationIsVisible = 0;
			defaultConfigurationName = Release;
		};
		802F7E842E0F198500F1BDF6 /* Build configuration list for PBXNativeTarget "VoticeDemoTests" */ = {
			isa = XCConfigurationList;
			buildConfigurations = (
				802F7E852E0F198500F1BDF6 /* Debug */,
				802F7E862E0F198500F1BDF6 /* Release */,
			);
			defaultConfigurationIsVisible = 0;
			defaultConfigurationName = Release;
		};
		802F7E872E0F198500F1BDF6 /* Build configuration list for PBXNativeTarget "VoticeDemoUITests" */ = {
			isa = XCConfigurationList;
			buildConfigurations = (
				802F7E882E0F198500F1BDF6 /* Debug */,
				802F7E892E0F198500F1BDF6 /* Release */,
			);
			defaultConfigurationIsVisible = 0;
			defaultConfigurationName = Release;
		};
/* End XCConfigurationList section */

/* Begin XCLocalSwiftPackageReference section */
		80DFD2712E0F1D6B00DD20F2 /* XCLocalSwiftPackageReference "../../../votice-sdk" */ = {
			isa = XCLocalSwiftPackageReference;
			relativePath = "../../../votice-sdk";
		};
/* End XCLocalSwiftPackageReference section */

/* Begin XCSwiftPackageProductDependency section */
		80DFD2722E0F1D6B00DD20F2 /* Votice */ = {
			isa = XCSwiftPackageProductDependency;
			productName = Votice;
		};
/* End XCSwiftPackageProductDependency section */
	};
	rootObject = 802F7E582E0F198400F1BDF6 /* Project object */;
}
