{
  "originHash" : "733df6d8285157f80e50eecdc876c02ccc409d5ac4447868dc1270597958eea2",
  "pins" : [
    {
      "identity" : "swiftlintplugins",
      "kind" : "remoteSourceControl",
      "location" : "https://github.com/SimplyDanny/SwiftLintPlugins",
      "state" : {
        "revision" : "ef7d692fc6706e8f5628e26bcafaefa445c58a97",
        "version" : "0.65.1"
      }
    }
  ],
  "version" : 3
}
